
Microsoft Visual Studio Solution File, Format Version 12.00
# Visual Studio Version 16
VisualStudioVersion = 16.0.32106.194
MinimumVisualStudioVersion = 10.0.40219.1
Project("{FAE04EC0-301F-11D3-BF4B-00C04F79EFBC}") = "Goods", "Goods.csproj", "{C50ACA0A-D5B3-4FA0-A18F-6368BC9B56EF}"
EndProject
Global
	GlobalSection(SolutionConfigurationPlatforms) = preSolution
		Debug|Any CPU = Debug|Any CPU
		Release|Any CPU = Release|Any CPU
	EndGlobalSection
	GlobalSection(ProjectConfigurationPlatforms) = postSolution
		{C50ACA0A-D5B3-4FA0-A18F-6368BC9B56EF}.Debug|Any CPU.ActiveCfg = Debug|Any CPU
		{C50ACA0A-D5B3-4FA0-A18F-6368BC9B56EF}.Debug|Any CPU.Build.0 = Debug|Any CPU
		{C50ACA0A-D5B3-4FA0-A18F-6368BC9B56EF}.Release|Any CPU.ActiveCfg = Release|Any CPU
		{C50ACA0A-D5B3-4FA0-A18F-6368BC9B56EF}.Release|Any CPU.Build.0 = Release|Any CPU
	EndGlobalSection
	GlobalSection(SolutionProperties) = preSolution
		HideSolutionNode = FALSE
	EndGlobalSection
	GlobalSection(ExtensibilityGlobals) = postSolution
		SolutionGuid = {72E01D59-6974-4D39-8F51-3968268C7BA0}
	EndGlobalSection
EndGlobal
